// !$*UTF8*$!
{
	archiveVersion = 1;
	classes = {
	};
	objectVersion = 46;
	objects = {
/* Begin PBXBuildFile section */
		0207DA581B56EA530066E2B4 /* Images.xcassets in Resources */ = {isa = PBXBuildFile; fileRef = 0207DA571B56EA530066E2B4 /* Images.xcassets */; };
		1D3623260D0F684500981E51 /* AppDelegate.m in Sources */ = {isa = PBXBuildFile; fileRef = 1D3623250D0F684500981E51 /* AppDelegate.m */; };
		1D60589B0D05DD56006BFB54 /* main.m in Sources */ = {isa = PBXBuildFile; fileRef = 29B97316FDCFA39411CA2CEA /* main.m */; };
		301BF552109A68D80062928A /* libCordova.a in Frameworks */ = {isa = PBXBuildFile; fileRef = 301BF535109A57CC0062928A /* libCordova.a */; };
		302D95F114D2391D003F00A1 /* MainViewController.m in Sources */ = {isa = PBXBuildFile; fileRef = 302D95EF14D2391D003F00A1 /* MainViewController.m */; };
		302D95F214D2391D003F00A1 /* MainViewController.xib in Resources */ = {isa = PBXBuildFile; fileRef = 302D95F014D2391D003F00A1 /* MainViewController.xib */; };
		3047A5121AB8059700498E2A /* build-debug.xcconfig in Resources */ = {isa = PBXBuildFile; fileRef = 3047A50F1AB8059700498E2A /* build-debug.xcconfig */; };
		3047A5131AB8059700498E2A /* build-release.xcconfig in Resources */ = {isa = PBXBuildFile; fileRef = 3047A5101AB8059700498E2A /* build-release.xcconfig */; };
		3047A5141AB8059700498E2A /* build.xcconfig in Resources */ = {isa = PBXBuildFile; fileRef = 3047A5111AB8059700498E2A /* build.xcconfig */; };
		6AFF5BF91D6E424B00AB3073 /* CDVLaunchScreen.storyboard in Resources */ = {isa = PBXBuildFile; fileRef = 6AFF5BF81D6E424B00AB3073 /* CDVLaunchScreen.storyboard */; };
		9A4BCBD877E64010BFC05990 /* CDVFile.m in Sources */ = {isa = PBXBuildFile; fileRef = 6DE82865C796494FB48BD692 /* CDVFile.m */; };
		75CD0AD244724EF4983A6817 /* CDVLocalFilesystem.m in Sources */ = {isa = PBXBuildFile; fileRef = 0B016E91520E47189F45EBA8 /* CDVLocalFilesystem.m */; };
		B4FCCC12FA4349C2B2F23A23 /* CDVAssetLibraryFilesystem.m in Sources */ = {isa = PBXBuildFile; fileRef = 1541F8FCD4894F20A1FB82C6 /* CDVAssetLibraryFilesystem.m */; };
		C32058795FFC460A929500D4 /* CordovaHttpPlugin.m in Sources */ = {isa = PBXBuildFile; fileRef = 527FC1888AEB440EB04F1DCE /* CordovaHttpPlugin.m */; };
		63ABC9E4A81A45768028284F /* TextResponseSerializer.m in Sources */ = {isa = PBXBuildFile; fileRef = 7C3945D5D0C54A7C97152D8C /* TextResponseSerializer.m */; };
		F5FEBC50E30043929F698B34 /* TextRequestSerializer.m in Sources */ = {isa = PBXBuildFile; fileRef = A7E3D54E22F54976917C7D59 /* TextRequestSerializer.m */; };
		EF97136AC5354A2DB0E44FBD /* AFHTTPSessionManager.m in Sources */ = {isa = PBXBuildFile; fileRef = BE734EEA89C44DC19F7E6317 /* AFHTTPSessionManager.m */; };
		A25722765BBD4488B4F5693E /* AFNetworkReachabilityManager.m in Sources */ = {isa = PBXBuildFile; fileRef = 20E77D1DE0F3468F8E04DDA2 /* AFNetworkReachabilityManager.m */; };
		AB5B662E0C674A1FBDB3422F /* AFSecurityPolicy.m in Sources */ = {isa = PBXBuildFile; fileRef = 458113AA15AB43448334D8C1 /* AFSecurityPolicy.m */; };
		558AAE1E77AB4185BEC67DF1 /* AFURLRequestSerialization.m in Sources */ = {isa = PBXBuildFile; fileRef = 3257DD24088145098A1DBC19 /* AFURLRequestSerialization.m */; };
		4C705F79BCF643D58CE561C7 /* AFURLResponseSerialization.m in Sources */ = {isa = PBXBuildFile; fileRef = CDA29C2AFF664B4D881DC51D /* AFURLResponseSerialization.m */; };
		429D801AF5FD45A880C9559A /* AFURLSessionManager.m in Sources */ = {isa = PBXBuildFile; fileRef = 42DBB3C61A7D4AAEA0BC0585 /* AFURLSessionManager.m */; };
		A1A741AFB44E44B1BE499595 /* Security.framework in Frameworks */ = {isa = PBXBuildFile; fileRef = 4C08763923ED4BA5A24D32C5 /* Security.framework */; };
		A1E8D4C1387C40E0860573C1 /* SystemConfiguration.framework in Frameworks */ = {isa = PBXBuildFile; fileRef = 72F1B2DD00C544B2A4A5065B /* SystemConfiguration.framework */; };
		32949C56F4304EB69FBB5EA4 /* CDVDevice.m in Sources */ = {isa = PBXBuildFile; fileRef = 46635216C4484250AACB1A3B /* CDVDevice.m */; };
		3B141ABBB7CD4113A6BC1337 /* libz.tbd in Frameworks */ = {isa = PBXBuildFile; fileRef = 1E3F2AB098714A73861C13E2 /* libz.tbd */; };
		37773FD976DE4C828FC7868F /* CDVIonicKeyboard.m in Sources */ = {isa = PBXBuildFile; fileRef = 346F4034759D421AA7E176D6 /* CDVIonicKeyboard.m */; };
		7FB7E920C83346F7B82A004A /* CDVWKWebViewEngine.m in Sources */ = {isa = PBXBuildFile; fileRef = 8E08ADFF3D9E4552BE02CB1C /* CDVWKWebViewEngine.m */; };
		9BC8623C8A6142DBBBAED7C5 /* CDVWKWebViewUIDelegate.m in Sources */ = {isa = PBXBuildFile; fileRef = 3536960E81B342E8B21C2666 /* CDVWKWebViewUIDelegate.m */; };
		21664A9533FB424BAC3FE06E /* CDVWKProcessPoolFactory.m in Sources */ = {isa = PBXBuildFile; fileRef = 096CBE8B6F12411D9CFCF81D /* CDVWKProcessPoolFactory.m */; };
		3FC63ED691864131ADD842BC /* GCDWebServer.m in Sources */ = {isa = PBXBuildFile; fileRef = 74BEF00C6CEC4AD094355E18 /* GCDWebServer.m */; };
		F65EDC0870814FC1AD17C430 /* GCDWebServerConnection.m in Sources */ = {isa = PBXBuildFile; fileRef = C60B714629CC470A944E70CA /* GCDWebServerConnection.m */; };
		57F13B71731F4F0C9862E4C6 /* GCDWebServerFunctions.m in Sources */ = {isa = PBXBuildFile; fileRef = EE453BCF4B23458E886ED19C /* GCDWebServerFunctions.m */; };
		4BB22F41058C46C196B90A59 /* GCDWebServerRequest.m in Sources */ = {isa = PBXBuildFile; fileRef = 3B5C21FC93814826B71D4FE4 /* GCDWebServerRequest.m */; };
		2DA87BC4C14A40D0B1800EB3 /* GCDWebServerResponse.m in Sources */ = {isa = PBXBuildFile; fileRef = 78725208989846509A6EE72E /* GCDWebServerResponse.m */; };
		3729D077E81645DF91F9AFDC /* GCDWebServerDataRequest.m in Sources */ = {isa = PBXBuildFile; fileRef = BB49C442528F46B7A8D86154 /* GCDWebServerDataRequest.m */; };
		8DAF01FC7C5948789B50F5C3 /* GCDWebServerFileRequest.m in Sources */ = {isa = PBXBuildFile; fileRef = F5121804B339431391738B4E /* GCDWebServerFileRequest.m */; };
		A9870B6228604AE482AD63E1 /* GCDWebServerMultiPartFormRequest.m in Sources */ = {isa = PBXBuildFile; fileRef = 5035B593C8654630A9DE44A4 /* GCDWebServerMultiPartFormRequest.m */; };
		81AA7AD0BFC04F848DFAD7FF /* GCDWebServerURLEncodedFormRequest.m in Sources */ = {isa = PBXBuildFile; fileRef = 59B60F82C2A7450F9220B094 /* GCDWebServerURLEncodedFormRequest.m */; };
		6E757F6CF5954C91A04C1489 /* GCDWebServerDataResponse.m in Sources */ = {isa = PBXBuildFile; fileRef = 78C25D580D704E12953F0E44 /* GCDWebServerDataResponse.m */; };
		47A1F5F5F3F34A6B96BFCF52 /* GCDWebServerErrorResponse.m in Sources */ = {isa = PBXBuildFile; fileRef = 5078C37D38644389B543E215 /* GCDWebServerErrorResponse.m */; };
		CE54B0F3FD5743328F323045 /* GCDWebServerFileResponse.m in Sources */ = {isa = PBXBuildFile; fileRef = 773DD380A8714C31BFACC35A /* GCDWebServerFileResponse.m */; };
		EC5233AFA901447FBCBF1517 /* GCDWebServerStreamedResponse.m in Sources */ = {isa = PBXBuildFile; fileRef = DA053BC32411453CB6D0E362 /* GCDWebServerStreamedResponse.m */; };
		37757BA84BE949F09500870F /* WebKit.framework in Frameworks */ = {isa = PBXBuildFile; fileRef = BD9FC5BA9E1E4C9B9115D2E1 /* WebKit.framework */; settings = {ATTRIBUTES = (Weak, ); }; };
		DD9805FF5CD342649CF6694E /* CDVSplashScreen.m in Sources */ = {isa = PBXBuildFile; fileRef = D4110CCB4C834E98860F2509 /* CDVSplashScreen.m */; };
		3D05BA36D1F44D74AC5AC9E4 /* CDVViewController+SplashScreen.m in Sources */ = {isa = PBXBuildFile; fileRef = 8F47B661BF494528A32A9FD1 /* CDVViewController+SplashScreen.m */; };
		31674E82B4B749A78821455B /* SQLitePlugin.m in Sources */ = {isa = PBXBuildFile; fileRef = E58EE96B9D0B48C4B1052A3A /* SQLitePlugin.m */; };
		2DE36BABBAB34778BD3AED3C /* PSPDFThreadSafeMutableDictionary.m in Sources */ = {isa = PBXBuildFile; fileRef = BE11A0B5BCF24E338D826370 /* PSPDFThreadSafeMutableDictionary.m */; settings = {COMPILER_FLAGS = "-w"; }; };
		7F88B90CB04E4AF199C19E73 /* sqlite3.c in Resources */ = {isa = PBXBuildFile; fileRef = A7A9756CB50441FA9DF5A694 /* sqlite3.c */; settings = {COMPILER_FLAGS = "-w -DSQLITE_THREADSAFE=1 -DSQLITE_DEFAULT_SYNCHRONOUS=3 -DSQLITE_DEFAULT_MEMSTATUS=0 -DSQLITE_OMIT_DECLTYPE -DSQLITE_OMIT_DEPRECATED -DSQLITE_OMIT_PROGRESS_CALLBACK -DSQLITE_OMIT_SHARED_CACHE -DSQLITE_TEMP_STORE=2 -DSQLITE_OMIT_LOAD_EXTENSION -DSQLITE_ENABLE_FTS3 -DSQLITE_ENABLE_FTS3_PARENTHESIS -DSQLITE_ENABLE_FTS4 -DSQLITE_ENABLE_RTREE -DSQLITE_DEFAULT_PAGE_SIZE=1024 -DSQLITE_DEFAULT_CACHE_SIZE=2000"; }; };
		F4805C345E124BCBB236C8B3 /* CFCallNumber.m in Sources */ = {isa = PBXBuildFile; fileRef = 3F4BD7C4B2D3464189395805 /* CFCallNumber.m */; };
		A9A53D636229459AA5AF2C60 /* NSString+SSURLEncoding.m in Sources */ = {isa = PBXBuildFile; fileRef = AF4473E8A56140CE9C6CEE74 /* NSString+SSURLEncoding.m */; };
		C11C04FAAC8C437DA3A652C3 /* SocialSharing.m in Sources */ = {isa = PBXBuildFile; fileRef = F0A10E03ED274BA5B99EDF18 /* SocialSharing.m */; };
		F2B4CC7B4578482D943A3A6B /* Social.framework in Frameworks */ = {isa = PBXBuildFile; fileRef = 0833473B718241B9B7728F68 /* Social.framework */; settings = {ATTRIBUTES = (Weak, ); }; };
		20CA925840ED442BBB971308 /* MessageUI.framework in Frameworks */ = {isa = PBXBuildFile; fileRef = 906CB6AE6AA74E24954237C4 /* MessageUI.framework */; settings = {ATTRIBUTES = (Weak, ); }; };
		0A5C3A7914244900B12258A7 /* CDVLocation.m in Sources */ = {isa = PBXBuildFile; fileRef = 121C63C671D04C0E9C4878A9 /* CDVLocation.m */; };
		277C1B849E794A09ABECA046 /* CoreLocation.framework in Frameworks */ = {isa = PBXBuildFile; fileRef = 9802AD4710A445B180915AE8 /* CoreLocation.framework */; };
/* End PBXBuildFile section */

/* Begin PBXContainerItemProxy section */
		301BF534109A57CC0062928A /* PBXContainerItemProxy */ = {
			isa = PBXContainerItemProxy;
			containerPortal = 301BF52D109A57CC0062928A /* CordovaLib.xcodeproj */;
			proxyType = 2;
			remoteGlobalIDString = D2AAC07E0554694100DB518D;
			remoteInfo = CordovaLib;
		};
		301BF550109A68C00062928A /* PBXContainerItemProxy */ = {
			isa = PBXContainerItemProxy;
			containerPortal = 301BF52D109A57CC0062928A /* CordovaLib.xcodeproj */;
			proxyType = 1;
			remoteGlobalIDString = D2AAC07D0554694100DB518D;
			remoteInfo = CordovaLib;
		};
/* End PBXContainerItemProxy section */

/* Begin PBXFileReference section */
		0207DA571B56EA530066E2B4 /* Images.xcassets */ = {isa = PBXFileReference; lastKnownFileType = folder.assetcatalog; name = Images.xcassets; path = "highgarden/Images.xcassets"; sourceTree = SOURCE_ROOT; };
		1D3623240D0F684500981E51 /* AppDelegate.h */ = {isa = PBXFileReference; fileEncoding = 4; lastKnownFileType = sourcecode.c.h; path = AppDelegate.h; sourceTree = "<group>"; };
		1D3623250D0F684500981E51 /* AppDelegate.m */ = {isa = PBXFileReference; fileEncoding = 4; lastKnownFileType = sourcecode.c.objc; path = AppDelegate.m; sourceTree = "<group>"; };
		1D6058910D05DD3D006BFB54 /* highgarden.app */ = {isa = PBXFileReference; explicitFileType = wrapper.application; includeInIndex = 0; path = "highgarden.app"; sourceTree = BUILT_PRODUCTS_DIR; };
		29B97316FDCFA39411CA2CEA /* main.m */ = {isa = PBXFileReference; fileEncoding = 4; lastKnownFileType = sourcecode.c.objc; path = main.m; sourceTree = "<group>"; };
		301BF52D109A57CC0062928A /* CordovaLib.xcodeproj */ = {isa = PBXFileReference; lastKnownFileType = "wrapper.pb-project"; path = CordovaLib/CordovaLib.xcodeproj; sourceTree = "<group>"; };
		301BF56E109A69640062928A /* www */ = {isa = PBXFileReference; lastKnownFileType = folder; path = www; sourceTree = SOURCE_ROOT; };
		302D95EE14D2391D003F00A1 /* MainViewController.h */ = {isa = PBXFileReference; fileEncoding = 4; lastKnownFileType = sourcecode.c.h; path = MainViewController.h; sourceTree = "<group>"; };
		302D95EF14D2391D003F00A1 /* MainViewController.m */ = {isa = PBXFileReference; fileEncoding = 4; lastKnownFileType = sourcecode.c.objc; path = MainViewController.m; sourceTree = "<group>"; };
		302D95F014D2391D003F00A1 /* MainViewController.xib */ = {isa = PBXFileReference; fileEncoding = 4; lastKnownFileType = file.xib; path = MainViewController.xib; sourceTree = "<group>"; };
		3047A50F1AB8059700498E2A /* build-debug.xcconfig */ = {isa = PBXFileReference; fileEncoding = 4; lastKnownFileType = text.xcconfig; name = "build-debug.xcconfig"; path = cordova/build-debug.xcconfig; sourceTree = SOURCE_ROOT; };
		3047A5101AB8059700498E2A /* build-release.xcconfig */ = {isa = PBXFileReference; fileEncoding = 4; lastKnownFileType = text.xcconfig; name = "build-release.xcconfig"; path = cordova/build-release.xcconfig; sourceTree = SOURCE_ROOT; };
		3047A5111AB8059700498E2A /* build.xcconfig */ = {isa = PBXFileReference; fileEncoding = 4; lastKnownFileType = text.xcconfig; name = build.xcconfig; path = cordova/build.xcconfig; sourceTree = SOURCE_ROOT; };
		32CA4F630368D1EE00C91783 /* highgarden-Prefix.pch */ = {isa = PBXFileReference; fileEncoding = 4; lastKnownFileType = sourcecode.c.h; path = "highgarden-Prefix.pch"; sourceTree = "<group>"; };
		6AFF5BF81D6E424B00AB3073 /* CDVLaunchScreen.storyboard */ = {isa = PBXFileReference; fileEncoding = 4; lastKnownFileType = file.storyboard; name = CDVLaunchScreen.storyboard; path = "highgarden/CDVLaunchScreen.storyboard"; sourceTree = SOURCE_ROOT; };
		8D1107310486CEB800E47090 /* highgarden-Info.plist */ = {isa = PBXFileReference; fileEncoding = 4; lastKnownFileType = text.plist.xml; name = "highgarden-Info.plist"; path = "highgarden/highgarden-Info.plist"; plistStructureDefinitionIdentifier = "com.apple.xcode.plist.structure-definition.iphone.info-plist"; sourceTree = SOURCE_ROOT; };
		EB87FDF31871DA8E0020F90C /* www */ = {isa = PBXFileReference; lastKnownFileType = folder; name = www; path = ../../www; sourceTree = "<group>"; };
		EB87FDF41871DAF40020F90C /* config.xml */ = {isa = PBXFileReference; lastKnownFileType = text.xml; name = config.xml; path = ../../config.xml; sourceTree = "<group>"; };
		F840E1F0165FE0F500CFE078 /* config.xml */ = {isa = PBXFileReference; lastKnownFileType = text.xml; name = config.xml; path = "highgarden/config.xml"; sourceTree = "<group>"; };
		ED33DF2A687741AEAF9F8254 /* Bridging-Header.h */ = {isa = PBXFileReference; fileEncoding = 4; lastKnownFileType = sourcecode.c.h; name = "Bridging-Header.h"; path = "Bridging-Header.h"; sourceTree = "<group>"; };
		6DE82865C796494FB48BD692 /* CDVFile.m */ = {isa = PBXFileReference; name = "CDVFile.m"; path = "cordova-plugin-file/CDVFile.m"; sourceTree = "<group>"; fileEncoding = 4; lastKnownFileType = sourcecode.c.objc; explicitFileType = undefined; includeInIndex = 0; };
		0B016E91520E47189F45EBA8 /* CDVLocalFilesystem.m */ = {isa = PBXFileReference; name = "CDVLocalFilesystem.m"; path = "cordova-plugin-file/CDVLocalFilesystem.m"; sourceTree = "<group>"; fileEncoding = 4; lastKnownFileType = sourcecode.c.objc; explicitFileType = undefined; includeInIndex = 0; };
		1541F8FCD4894F20A1FB82C6 /* CDVAssetLibraryFilesystem.m */ = {isa = PBXFileReference; name = "CDVAssetLibraryFilesystem.m"; path = "cordova-plugin-file/CDVAssetLibraryFilesystem.m"; sourceTree = "<group>"; fileEncoding = 4; lastKnownFileType = sourcecode.c.objc; explicitFileType = undefined; includeInIndex = 0; };
		748799A9EC234DEE9B146AE1 /* CDVFile.h */ = {isa = PBXFileReference; name = "CDVFile.h"; path = "cordova-plugin-file/CDVFile.h"; sourceTree = "<group>"; fileEncoding = 4; lastKnownFileType = sourcecode.c.h; explicitFileType = undefined; includeInIndex = 0; };
		02C1B54EA1D04FCFA15762DF /* CDVLocalFilesystem.h */ = {isa = PBXFileReference; name = "CDVLocalFilesystem.h"; path = "cordova-plugin-file/CDVLocalFilesystem.h"; sourceTree = "<group>"; fileEncoding = 4; lastKnownFileType = sourcecode.c.h; explicitFileType = undefined; includeInIndex = 0; };
		A0BA5ECFA43E4B02B6DFAFBD /* CDVAssetLibraryFilesystem.h */ = {isa = PBXFileReference; name = "CDVAssetLibraryFilesystem.h"; path = "cordova-plugin-file/CDVAssetLibraryFilesystem.h"; sourceTree = "<group>"; fileEncoding = 4; lastKnownFileType = sourcecode.c.h; explicitFileType = undefined; includeInIndex = 0; };
		527FC1888AEB440EB04F1DCE /* CordovaHttpPlugin.m */ = {isa = PBXFileReference; name = "CordovaHttpPlugin.m"; path = "cordova-plugin-advanced-http/CordovaHttpPlugin.m"; sourceTree = "<group>"; fileEncoding = 4; lastKnownFileType = sourcecode.c.objc; explicitFileType = undefined; includeInIndex = 0; };
		7C3945D5D0C54A7C97152D8C /* TextResponseSerializer.m */ = {isa = PBXFileReference; name = "TextResponseSerializer.m"; path = "cordova-plugin-advanced-http/TextResponseSerializer.m"; sourceTree = "<group>"; fileEncoding = 4; lastKnownFileType = sourcecode.c.objc; explicitFileType = undefined; includeInIndex = 0; };
		A7E3D54E22F54976917C7D59 /* TextRequestSerializer.m */ = {isa = PBXFileReference; name = "TextRequestSerializer.m"; path = "cordova-plugin-advanced-http/TextRequestSerializer.m"; sourceTree = "<group>"; fileEncoding = 4; lastKnownFileType = sourcecode.c.objc; explicitFileType = undefined; includeInIndex = 0; };
		BE734EEA89C44DC19F7E6317 /* AFHTTPSessionManager.m */ = {isa = PBXFileReference; name = "AFHTTPSessionManager.m"; path = "cordova-plugin-advanced-http/AFHTTPSessionManager.m"; sourceTree = "<group>"; fileEncoding = 4; lastKnownFileType = sourcecode.c.objc; explicitFileType = undefined; includeInIndex = 0; };
		20E77D1DE0F3468F8E04DDA2 /* AFNetworkReachabilityManager.m */ = {isa = PBXFileReference; name = "AFNetworkReachabilityManager.m"; path = "cordova-plugin-advanced-http/AFNetworkReachabilityManager.m"; sourceTree = "<group>"; fileEncoding = 4; lastKnownFileType = sourcecode.c.objc; explicitFileType = undefined; includeInIndex = 0; };
		458113AA15AB43448334D8C1 /* AFSecurityPolicy.m */ = {isa = PBXFileReference; name = "AFSecurityPolicy.m"; path = "cordova-plugin-advanced-http/AFSecurityPolicy.m"; sourceTree = "<group>"; fileEncoding = 4; lastKnownFileType = sourcecode.c.objc; explicitFileType = undefined; includeInIndex = 0; };
		3257DD24088145098A1DBC19 /* AFURLRequestSerialization.m */ = {isa = PBXFileReference; name = "AFURLRequestSerialization.m"; path = "cordova-plugin-advanced-http/AFURLRequestSerialization.m"; sourceTree = "<group>"; fileEncoding = 4; lastKnownFileType = sourcecode.c.objc; explicitFileType = undefined; includeInIndex = 0; };
		CDA29C2AFF664B4D881DC51D /* AFURLResponseSerialization.m */ = {isa = PBXFileReference; name = "AFURLResponseSerialization.m"; path = "cordova-plugin-advanced-http/AFURLResponseSerialization.m"; sourceTree = "<group>"; fileEncoding = 4; lastKnownFileType = sourcecode.c.objc; explicitFileType = undefined; includeInIndex = 0; };
		42DBB3C61A7D4AAEA0BC0585 /* AFURLSessionManager.m */ = {isa = PBXFileReference; name = "AFURLSessionManager.m"; path = "cordova-plugin-advanced-http/AFURLSessionManager.m"; sourceTree = "<group>"; fileEncoding = 4; lastKnownFileType = sourcecode.c.objc; explicitFileType = undefined; includeInIndex = 0; };
		ECDBCE91AB134EBA9328F548 /* CordovaHttpPlugin.h */ = {isa = PBXFileReference; name = "CordovaHttpPlugin.h"; path = "cordova-plugin-advanced-http/CordovaHttpPlugin.h"; sourceTree = "<group>"; fileEncoding = 4; lastKnownFileType = sourcecode.c.h; explicitFileType = undefined; includeInIndex = 0; };
		EF33857A0B0448A7BA7E7F36 /* TextResponseSerializer.h */ = {isa = PBXFileReference; name = "TextResponseSerializer.h"; path = "cordova-plugin-advanced-http/TextResponseSerializer.h"; sourceTree = "<group>"; fileEncoding = 4; lastKnownFileType = sourcecode.c.h; explicitFileType = undefined; includeInIndex = 0; };
		95BC08089F4B4990887FDB8F /* TextRequestSerializer.h */ = {isa = PBXFileReference; name = "TextRequestSerializer.h"; path = "cordova-plugin-advanced-http/TextRequestSerializer.h"; sourceTree = "<group>"; fileEncoding = 4; lastKnownFileType = sourcecode.c.h; explicitFileType = undefined; includeInIndex = 0; };
		E1F21DC3B4584E66A20F283B /* AFHTTPSessionManager.h */ = {isa = PBXFileReference; name = "AFHTTPSessionManager.h"; path = "cordova-plugin-advanced-http/AFHTTPSessionManager.h"; sourceTree = "<group>"; fileEncoding = 4; lastKnownFileType = sourcecode.c.h; explicitFileType = undefined; includeInIndex = 0; };
		E3D5068B65E6419BABE9ECD4 /* AFNetworking.h */ = {isa = PBXFileReference; name = "AFNetworking.h"; path = "cordova-plugin-advanced-http/AFNetworking.h"; sourceTree = "<group>"; fileEncoding = 4; lastKnownFileType = sourcecode.c.h; explicitFileType = undefined; includeInIndex = 0; };
		29687E195C0C4A689610DE9A /* AFNetworkReachabilityManager.h */ = {isa = PBXFileReference; name = "AFNetworkReachabilityManager.h"; path = "cordova-plugin-advanced-http/AFNetworkReachabilityManager.h"; sourceTree = "<group>"; fileEncoding = 4; lastKnownFileType = sourcecode.c.h; explicitFileType = undefined; includeInIndex = 0; };
		A70B0413E49E445FB5AC974F /* AFSecurityPolicy.h */ = {isa = PBXFileReference; name = "AFSecurityPolicy.h"; path = "cordova-plugin-advanced-http/AFSecurityPolicy.h"; sourceTree = "<group>"; fileEncoding = 4; lastKnownFileType = sourcecode.c.h; explicitFileType = undefined; includeInIndex = 0; };
		2DCA38B98F8342FA92AC09BB /* AFURLRequestSerialization.h */ = {isa = PBXFileReference; name = "AFURLRequestSerialization.h"; path = "cordova-plugin-advanced-http/AFURLRequestSerialization.h"; sourceTree = "<group>"; fileEncoding = 4; lastKnownFileType = sourcecode.c.h; explicitFileType = undefined; includeInIndex = 0; };
		CE6FC89121774E008FBC81A1 /* AFURLResponseSerialization.h */ = {isa = PBXFileReference; name = "AFURLResponseSerialization.h"; path = "cordova-plugin-advanced-http/AFURLResponseSerialization.h"; sourceTree = "<group>"; fileEncoding = 4; lastKnownFileType = sourcecode.c.h; explicitFileType = undefined; includeInIndex = 0; };
		F12574AF50804DD7A41B51CD /* AFURLSessionManager.h */ = {isa = PBXFileReference; name = "AFURLSessionManager.h"; path = "cordova-plugin-advanced-http/AFURLSessionManager.h"; sourceTree = "<group>"; fileEncoding = 4; lastKnownFileType = sourcecode.c.h; explicitFileType = undefined; includeInIndex = 0; };
		4C08763923ED4BA5A24D32C5 /* Security.framework */ = {isa = PBXFileReference; name = "Security.framework"; path = "System/Library/Frameworks/Security.framework"; sourceTree = SDKROOT; fileEncoding = undefined; lastKnownFileType = wrapper.framework; explicitFileType = undefined; includeInIndex = 0; };
		72F1B2DD00C544B2A4A5065B /* SystemConfiguration.framework */ = {isa = PBXFileReference; name = "SystemConfiguration.framework"; path = "System/Library/Frameworks/SystemConfiguration.framework"; sourceTree = SDKROOT; fileEncoding = undefined; lastKnownFileType = wrapper.framework; explicitFileType = undefined; includeInIndex = 0; };
		46635216C4484250AACB1A3B /* CDVDevice.m */ = {isa = PBXFileReference; name = "CDVDevice.m"; path = "cordova-plugin-device/CDVDevice.m"; sourceTree = "<group>"; fileEncoding = 4; lastKnownFileType = sourcecode.c.objc; explicitFileType = undefined; includeInIndex = 0; };
		8962C806DCF741ADA67B947E /* CDVDevice.h */ = {isa = PBXFileReference; name = "CDVDevice.h"; path = "cordova-plugin-device/CDVDevice.h"; sourceTree = "<group>"; fileEncoding = 4; lastKnownFileType = sourcecode.c.h; explicitFileType = undefined; includeInIndex = 0; };
		1E3F2AB098714A73861C13E2 /* libz.tbd */ = {isa = PBXFileReference; name = "libz.tbd"; path = "usr/lib/libz.tbd"; sourceTree = SDKROOT; fileEncoding = undefined; lastKnownFileType = sourcecode.text-based-dylib-definition; explicitFileType = undefined; includeInIndex = 0; };
		346F4034759D421AA7E176D6 /* CDVIonicKeyboard.m */ = {isa = PBXFileReference; name = "CDVIonicKeyboard.m"; path = "cordova-plugin-ionic-keyboard/CDVIonicKeyboard.m"; sourceTree = "<group>"; fileEncoding = 4; lastKnownFileType = sourcecode.c.objc; explicitFileType = undefined; includeInIndex = 0; };
		CFA626E0763C443CAFE3B9D4 /* CDVIonicKeyboard.h */ = {isa = PBXFileReference; name = "CDVIonicKeyboard.h"; path = "cordova-plugin-ionic-keyboard/CDVIonicKeyboard.h"; sourceTree = "<group>"; fileEncoding = 4; lastKnownFileType = sourcecode.c.h; explicitFileType = undefined; includeInIndex = 0; };
		8E08ADFF3D9E4552BE02CB1C /* CDVWKWebViewEngine.m */ = {isa = PBXFileReference; name = "CDVWKWebViewEngine.m"; path = "cordova-plugin-ionic-webview/CDVWKWebViewEngine.m"; sourceTree = "<group>"; fileEncoding = 4; lastKnownFileType = sourcecode.c.objc; explicitFileType = undefined; includeInIndex = 0; };
		3536960E81B342E8B21C2666 /* CDVWKWebViewUIDelegate.m */ = {isa = PBXFileReference; name = "CDVWKWebViewUIDelegate.m"; path = "cordova-plugin-ionic-webview/CDVWKWebViewUIDelegate.m"; sourceTree = "<group>"; fileEncoding = 4; lastKnownFileType = sourcecode.c.objc; explicitFileType = undefined; includeInIndex = 0; };
		096CBE8B6F12411D9CFCF81D /* CDVWKProcessPoolFactory.m */ = {isa = PBXFileReference; name = "CDVWKProcessPoolFactory.m"; path = "cordova-plugin-ionic-webview/CDVWKProcessPoolFactory.m"; sourceTree = "<group>"; fileEncoding = 4; lastKnownFileType = sourcecode.c.objc; explicitFileType = undefined; includeInIndex = 0; };
		74BEF00C6CEC4AD094355E18 /* GCDWebServer.m */ = {isa = PBXFileReference; name = "GCDWebServer.m"; path = "cordova-plugin-ionic-webview/GCDWebServer.m"; sourceTree = "<group>"; fileEncoding = 4; lastKnownFileType = sourcecode.c.objc; explicitFileType = undefined; includeInIndex = 0; };
		C60B714629CC470A944E70CA /* GCDWebServerConnection.m */ = {isa = PBXFileReference; name = "GCDWebServerConnection.m"; path = "cordova-plugin-ionic-webview/GCDWebServerConnection.m"; sourceTree = "<group>"; fileEncoding = 4; lastKnownFileType = sourcecode.c.objc; explicitFileType = undefined; includeInIndex = 0; };
		EE453BCF4B23458E886ED19C /* GCDWebServerFunctions.m */ = {isa = PBXFileReference; name = "GCDWebServerFunctions.m"; path = "cordova-plugin-ionic-webview/GCDWebServerFunctions.m"; sourceTree = "<group>"; fileEncoding = 4; lastKnownFileType = sourcecode.c.objc; explicitFileType = undefined; includeInIndex = 0; };
		3B5C21FC93814826B71D4FE4 /* GCDWebServerRequest.m */ = {isa = PBXFileReference; name = "GCDWebServerRequest.m"; path = "cordova-plugin-ionic-webview/GCDWebServerRequest.m"; sourceTree = "<group>"; fileEncoding = 4; lastKnownFileType = sourcecode.c.objc; explicitFileType = undefined; includeInIndex = 0; };
		78725208989846509A6EE72E /* GCDWebServerResponse.m */ = {isa = PBXFileReference; name = "GCDWebServerResponse.m"; path = "cordova-plugin-ionic-webview/GCDWebServerResponse.m"; sourceTree = "<group>"; fileEncoding = 4; lastKnownFileType = sourcecode.c.objc; explicitFileType = undefined; includeInIndex = 0; };
		BB49C442528F46B7A8D86154 /* GCDWebServerDataRequest.m */ = {isa = PBXFileReference; name = "GCDWebServerDataRequest.m"; path = "cordova-plugin-ionic-webview/GCDWebServerDataRequest.m"; sourceTree = "<group>"; fileEncoding = 4; lastKnownFileType = sourcecode.c.objc; explicitFileType = undefined; includeInIndex = 0; };
		F5121804B339431391738B4E /* GCDWebServerFileRequest.m */ = {isa = PBXFileReference; name = "GCDWebServerFileRequest.m"; path = "cordova-plugin-ionic-webview/GCDWebServerFileRequest.m"; sourceTree = "<group>"; fileEncoding = 4; lastKnownFileType = sourcecode.c.objc; explicitFileType = undefined; includeInIndex = 0; };
		5035B593C8654630A9DE44A4 /* GCDWebServerMultiPartFormRequest.m */ = {isa = PBXFileReference; name = "GCDWebServerMultiPartFormRequest.m"; path = "cordova-plugin-ionic-webview/GCDWebServerMultiPartFormRequest.m"; sourceTree = "<group>"; fileEncoding = 4; lastKnownFileType = sourcecode.c.objc; explicitFileType = undefined; includeInIndex = 0; };
		59B60F82C2A7450F9220B094 /* GCDWebServerURLEncodedFormRequest.m */ = {isa = PBXFileReference; name = "GCDWebServerURLEncodedFormRequest.m"; path = "cordova-plugin-ionic-webview/GCDWebServerURLEncodedFormRequest.m"; sourceTree = "<group>"; fileEncoding = 4; lastKnownFileType = sourcecode.c.objc; explicitFileType = undefined; includeInIndex = 0; };
		78C25D580D704E12953F0E44 /* GCDWebServerDataResponse.m */ = {isa = PBXFileReference; name = "GCDWebServerDataResponse.m"; path = "cordova-plugin-ionic-webview/GCDWebServerDataResponse.m"; sourceTree = "<group>"; fileEncoding = 4; lastKnownFileType = sourcecode.c.objc; explicitFileType = undefined; includeInIndex = 0; };
		5078C37D38644389B543E215 /* GCDWebServerErrorResponse.m */ = {isa = PBXFileReference; name = "GCDWebServerErrorResponse.m"; path = "cordova-plugin-ionic-webview/GCDWebServerErrorResponse.m"; sourceTree = "<group>"; fileEncoding = 4; lastKnownFileType = sourcecode.c.objc; explicitFileType = undefined; includeInIndex = 0; };
		773DD380A8714C31BFACC35A /* GCDWebServerFileResponse.m */ = {isa = PBXFileReference; name = "GCDWebServerFileResponse.m"; path = "cordova-plugin-ionic-webview/GCDWebServerFileResponse.m"; sourceTree = "<group>"; fileEncoding = 4; lastKnownFileType = sourcecode.c.objc; explicitFileType = undefined; includeInIndex = 0; };
		DA053BC32411453CB6D0E362 /* GCDWebServerStreamedResponse.m */ = {isa = PBXFileReference; name = "GCDWebServerStreamedResponse.m"; path = "cordova-plugin-ionic-webview/GCDWebServerStreamedResponse.m"; sourceTree = "<group>"; fileEncoding = 4; lastKnownFileType = sourcecode.c.objc; explicitFileType = undefined; includeInIndex = 0; };
		ACC4E3C9A9EC49C8BB66B5BB /* CDVWKWebViewEngine.h */ = {isa = PBXFileReference; name = "CDVWKWebViewEngine.h"; path = "cordova-plugin-ionic-webview/CDVWKWebViewEngine.h"; sourceTree = "<group>"; fileEncoding = 4; lastKnownFileType = sourcecode.c.h; explicitFileType = undefined; includeInIndex = 0; };
		2E69D5A91B0F41E0A03F87BE /* CDVWKWebViewUIDelegate.h */ = {isa = PBXFileReference; name = "CDVWKWebViewUIDelegate.h"; path = "cordova-plugin-ionic-webview/CDVWKWebViewUIDelegate.h"; sourceTree = "<group>"; fileEncoding = 4; lastKnownFileType = sourcecode.c.h; explicitFileType = undefined; includeInIndex = 0; };
		1BDCC0E2F42840DFA6227305 /* CDVWKProcessPoolFactory.h */ = {isa = PBXFileReference; name = "CDVWKProcessPoolFactory.h"; path = "cordova-plugin-ionic-webview/CDVWKProcessPoolFactory.h"; sourceTree = "<group>"; fileEncoding = 4; lastKnownFileType = sourcecode.c.h; explicitFileType = undefined; includeInIndex = 0; };
		6058416EC955470694D2C857 /* GCDWebServer.h */ = {isa = PBXFileReference; name = "GCDWebServer.h"; path = "cordova-plugin-ionic-webview/GCDWebServer.h"; sourceTree = "<group>"; fileEncoding = 4; lastKnownFileType = sourcecode.c.h; explicitFileType = undefined; includeInIndex = 0; };
		1B839E53429F4E5083B15E49 /* GCDWebServerConnection.h */ = {isa = PBXFileReference; name = "GCDWebServerConnection.h"; path = "cordova-plugin-ionic-webview/GCDWebServerConnection.h"; sourceTree = "<group>"; fileEncoding = 4; lastKnownFileType = sourcecode.c.h; explicitFileType = undefined; includeInIndex = 0; };
		963EEA88698D443184A1D950 /* GCDWebServerFunctions.h */ = {isa = PBXFileReference; name = "GCDWebServerFunctions.h"; path = "cordova-plugin-ionic-webview/GCDWebServerFunctions.h"; sourceTree = "<group>"; fileEncoding = 4; lastKnownFileType = sourcecode.c.h; explicitFileType = undefined; includeInIndex = 0; };
		7EC4152493664BD19849D139 /* GCDWebServerHTTPStatusCodes.h */ = {isa = PBXFileReference; name = "GCDWebServerHTTPStatusCodes.h"; path = "cordova-plugin-ionic-webview/GCDWebServerHTTPStatusCodes.h"; sourceTree = "<group>"; fileEncoding = 4; lastKnownFileType = sourcecode.c.h; explicitFileType = undefined; includeInIndex = 0; };
		17D24E0203FD4A40BB553199 /* GCDWebServerPrivate.h */ = {isa = PBXFileReference; name = "GCDWebServerPrivate.h"; path = "cordova-plugin-ionic-webview/GCDWebServerPrivate.h"; sourceTree = "<group>"; fileEncoding = 4; lastKnownFileType = sourcecode.c.h; explicitFileType = undefined; includeInIndex = 0; };
		3E90C29D26EB459B9FA2BAD6 /* GCDWebServerRequest.h */ = {isa = PBXFileReference; name = "GCDWebServerRequest.h"; path = "cordova-plugin-ionic-webview/GCDWebServerRequest.h"; sourceTree = "<group>"; fileEncoding = 4; lastKnownFileType = sourcecode.c.h; explicitFileType = undefined; includeInIndex = 0; };
		790BCE08B2F1445E8084F87F /* GCDWebServerResponse.h */ = {isa = PBXFileReference; name = "GCDWebServerResponse.h"; path = "cordova-plugin-ionic-webview/GCDWebServerResponse.h"; sourceTree = "<group>"; fileEncoding = 4; lastKnownFileType = sourcecode.c.h; explicitFileType = undefined; includeInIndex = 0; };
		6D8FA713BF7A4213AE2831D1 /* GCDWebServerDataRequest.h */ = {isa = PBXFileReference; name = "GCDWebServerDataRequest.h"; path = "cordova-plugin-ionic-webview/GCDWebServerDataRequest.h"; sourceTree = "<group>"; fileEncoding = 4; lastKnownFileType = sourcecode.c.h; explicitFileType = undefined; includeInIndex = 0; };
		7AE8A00C256849469B0B2E24 /* GCDWebServerFileRequest.h */ = {isa = PBXFileReference; name = "GCDWebServerFileRequest.h"; path = "cordova-plugin-ionic-webview/GCDWebServerFileRequest.h"; sourceTree = "<group>"; fileEncoding = 4; lastKnownFileType = sourcecode.c.h; explicitFileType = undefined; includeInIndex = 0; };
		07BB07A5F479473FA3661A47 /* GCDWebServerMultiPartFormRequest.h */ = {isa = PBXFileReference; name = "GCDWebServerMultiPartFormRequest.h"; path = "cordova-plugin-ionic-webview/GCDWebServerMultiPartFormRequest.h"; sourceTree = "<group>"; fileEncoding = 4; lastKnownFileType = sourcecode.c.h; explicitFileType = undefined; includeInIndex = 0; };
		358A3A86DC814F6693C4A1A8 /* GCDWebServerURLEncodedFormRequest.h */ = {isa = PBXFileReference; name = "GCDWebServerURLEncodedFormRequest.h"; path = "cordova-plugin-ionic-webview/GCDWebServerURLEncodedFormRequest.h"; sourceTree = "<group>"; fileEncoding = 4; lastKnownFileType = sourcecode.c.h; explicitFileType = undefined; includeInIndex = 0; };
		3074AF05140F47FCB1C7F585 /* GCDWebServerDataResponse.h */ = {isa = PBXFileReference; name = "GCDWebServerDataResponse.h"; path = "cordova-plugin-ionic-webview/GCDWebServerDataResponse.h"; sourceTree = "<group>"; fileEncoding = 4; lastKnownFileType = sourcecode.c.h; explicitFileType = undefined; includeInIndex = 0; };
		EE3E7881A1B44BF29700C2AE /* GCDWebServerErrorResponse.h */ = {isa = PBXFileReference; name = "GCDWebServerErrorResponse.h"; path = "cordova-plugin-ionic-webview/GCDWebServerErrorResponse.h"; sourceTree = "<group>"; fileEncoding = 4; lastKnownFileType = sourcecode.c.h; explicitFileType = undefined; includeInIndex = 0; };
		B4F80776C61E4B72A14603A4 /* GCDWebServerFileResponse.h */ = {isa = PBXFileReference; name = "GCDWebServerFileResponse.h"; path = "cordova-plugin-ionic-webview/GCDWebServerFileResponse.h"; sourceTree = "<group>"; fileEncoding = 4; lastKnownFileType = sourcecode.c.h; explicitFileType = undefined; includeInIndex = 0; };
		5B2EF6B882914979B82A57D3 /* GCDWebServerStreamedResponse.h */ = {isa = PBXFileReference; name = "GCDWebServerStreamedResponse.h"; path = "cordova-plugin-ionic-webview/GCDWebServerStreamedResponse.h"; sourceTree = "<group>"; fileEncoding = 4; lastKnownFileType = sourcecode.c.h; explicitFileType = undefined; includeInIndex = 0; };
		BD9FC5BA9E1E4C9B9115D2E1 /* WebKit.framework */ = {isa = PBXFileReference; name = "WebKit.framework"; path = "System/Library/Frameworks/WebKit.framework"; sourceTree = SDKROOT; fileEncoding = undefined; lastKnownFileType = wrapper.framework; explicitFileType = undefined; includeInIndex = 0; };
		D4110CCB4C834E98860F2509 /* CDVSplashScreen.m */ = {isa = PBXFileReference; name = "CDVSplashScreen.m"; path = "cordova-plugin-splashscreen/CDVSplashScreen.m"; sourceTree = "<group>"; fileEncoding = 4; lastKnownFileType = sourcecode.c.objc; explicitFileType = undefined; includeInIndex = 0; };
		8F47B661BF494528A32A9FD1 /* CDVViewController+SplashScreen.m */ = {isa = PBXFileReference; name = "CDVViewController+SplashScreen.m"; path = "cordova-plugin-splashscreen/CDVViewController+SplashScreen.m"; sourceTree = "<group>"; fileEncoding = 4; lastKnownFileType = sourcecode.c.objc; explicitFileType = undefined; includeInIndex = 0; };
		8A7C31CF2A644689914B893A /* CDVSplashScreen.h */ = {isa = PBXFileReference; name = "CDVSplashScreen.h"; path = "cordova-plugin-splashscreen/CDVSplashScreen.h"; sourceTree = "<group>"; fileEncoding = 4; lastKnownFileType = sourcecode.c.h; explicitFileType = undefined; includeInIndex = 0; };
		D9D8CFD2AD164FAAA48609A1 /* CDVViewController+SplashScreen.h */ = {isa = PBXFileReference; name = "CDVViewController+SplashScreen.h"; path = "cordova-plugin-splashscreen/CDVViewController+SplashScreen.h"; sourceTree = "<group>"; fileEncoding = 4; lastKnownFileType = sourcecode.c.h; explicitFileType = undefined; includeInIndex = 0; };
		E58EE96B9D0B48C4B1052A3A /* SQLitePlugin.m */ = {isa = PBXFileReference; name = "SQLitePlugin.m"; path = "cordova-sqlite-storage/SQLitePlugin.m"; sourceTree = "<group>"; fileEncoding = 4; lastKnownFileType = sourcecode.c.objc; explicitFileType = undefined; includeInIndex = 0; };
		BE11A0B5BCF24E338D826370 /* PSPDFThreadSafeMutableDictionary.m */ = {isa = PBXFileReference; name = "PSPDFThreadSafeMutableDictionary.m"; path = "cordova-sqlite-storage/PSPDFThreadSafeMutableDictionary.m"; sourceTree = "<group>"; fileEncoding = 4; lastKnownFileType = sourcecode.c.objc; explicitFileType = undefined; includeInIndex = 0; };
		A7A9756CB50441FA9DF5A694 /* sqlite3.c */ = {isa = PBXFileReference; name = "sqlite3.c"; path = "cordova-sqlite-storage/sqlite3.c"; sourceTree = "<group>"; fileEncoding = undefined; lastKnownFileType = unknown; explicitFileType = undefined; includeInIndex = 0; };
		2A52DE1B689D489594B1FB1C /* SQLitePlugin.h */ = {isa = PBXFileReference; name = "SQLitePlugin.h"; path = "cordova-sqlite-storage/SQLitePlugin.h"; sourceTree = "<group>"; fileEncoding = 4; lastKnownFileType = sourcecode.c.h; explicitFileType = undefined; includeInIndex = 0; };
		50017109F7A84611B5B7794B /* PSPDFThreadSafeMutableDictionary.h */ = {isa = PBXFileReference; name = "PSPDFThreadSafeMutableDictionary.h"; path = "cordova-sqlite-storage/PSPDFThreadSafeMutableDictionary.h"; sourceTree = "<group>"; fileEncoding = 4; lastKnownFileType = sourcecode.c.h; explicitFileType = undefined; includeInIndex = 0; };
		B87803E2001C4D77A8B9CAEB /* sqlite3.h */ = {isa = PBXFileReference; name = "sqlite3.h"; path = "cordova-sqlite-storage/sqlite3.h"; sourceTree = "<group>"; fileEncoding = 4; lastKnownFileType = sourcecode.c.h; explicitFileType = undefined; includeInIndex = 0; };
		3F4BD7C4B2D3464189395805 /* CFCallNumber.m */ = {isa = PBXFileReference; name = "CFCallNumber.m"; path = "mx.ferreyra.callnumber/CFCallNumber.m"; sourceTree = "<group>"; fileEncoding = 4; lastKnownFileType = sourcecode.c.objc; explicitFileType = undefined; includeInIndex = 0; };
		676D4F6B40634AEEB1DF2FC5 /* CFCallNumber.h */ = {isa = PBXFileReference; name = "CFCallNumber.h"; path = "mx.ferreyra.callnumber/CFCallNumber.h"; sourceTree = "<group>"; fileEncoding = 4; lastKnownFileType = sourcecode.c.h; explicitFileType = undefined; includeInIndex = 0; };
		AF4473E8A56140CE9C6CEE74 /* NSString+SSURLEncoding.m */ = {isa = PBXFileReference; name = "NSString+SSURLEncoding.m"; path = "cordova-plugin-x-socialsharing/NSString+SSURLEncoding.m"; sourceTree = "<group>"; fileEncoding = 4; lastKnownFileType = sourcecode.c.objc; explicitFileType = undefined; includeInIndex = 0; };
		F0A10E03ED274BA5B99EDF18 /* SocialSharing.m */ = {isa = PBXFileReference; name = "SocialSharing.m"; path = "cordova-plugin-x-socialsharing/SocialSharing.m"; sourceTree = "<group>"; fileEncoding = 4; lastKnownFileType = sourcecode.c.objc; explicitFileType = undefined; includeInIndex = 0; };
		2911FBECCE604596ABC46E52 /* NSString+SSURLEncoding.h */ = {isa = PBXFileReference; name = "NSString+SSURLEncoding.h"; path = "cordova-plugin-x-socialsharing/NSString+SSURLEncoding.h"; sourceTree = "<group>"; fileEncoding = 4; lastKnownFileType = sourcecode.c.h; explicitFileType = undefined; includeInIndex = 0; };
		35B75FFC2E5B4A2A9F877AA0 /* SocialSharing.h */ = {isa = PBXFileReference; name = "SocialSharing.h"; path = "cordova-plugin-x-socialsharing/SocialSharing.h"; sourceTree = "<group>"; fileEncoding = 4; lastKnownFileType = sourcecode.c.h; explicitFileType = undefined; includeInIndex = 0; };
		0833473B718241B9B7728F68 /* Social.framework */ = {isa = PBXFileReference; name = "Social.framework"; path = "System/Library/Frameworks/Social.framework"; sourceTree = SDKROOT; fileEncoding = undefined; lastKnownFileType = wrapper.framework; explicitFileType = undefined; includeInIndex = 0; };
		906CB6AE6AA74E24954237C4 /* MessageUI.framework */ = {isa = PBXFileReference; name = "MessageUI.framework"; path = "System/Library/Frameworks/MessageUI.framework"; sourceTree = SDKROOT; fileEncoding = undefined; lastKnownFileType = wrapper.framework; explicitFileType = undefined; includeInIndex = 0; };
		121C63C671D04C0E9C4878A9 /* CDVLocation.m */ = {isa = PBXFileReference; name = "CDVLocation.m"; path = "cordova-plugin-geolocation/CDVLocation.m"; sourceTree = "<group>"; fileEncoding = 4; lastKnownFileType = sourcecode.c.objc; explicitFileType = undefined; includeInIndex = 0; };
		F69DD750A03B40418CD7DF71 /* CDVLocation.h */ = {isa = PBXFileReference; name = "CDVLocation.h"; path = "cordova-plugin-geolocation/CDVLocation.h"; sourceTree = "<group>"; fileEncoding = 4; lastKnownFileType = sourcecode.c.h; explicitFileType = undefined; includeInIndex = 0; };
		9802AD4710A445B180915AE8 /* CoreLocation.framework */ = {isa = PBXFileReference; name = "CoreLocation.framework"; path = "System/Library/Frameworks/CoreLocation.framework"; sourceTree = SDKROOT; fileEncoding = undefined; lastKnownFileType = wrapper.framework; explicitFileType = undefined; includeInIndex = 0; };
/* End PBXFileReference section */

/* Begin PBXFrameworksBuildPhase section */
		1D60588F0D05DD3D006BFB54 /* Frameworks */ = {
			isa = PBXFrameworksBuildPhase;
			buildActionMask = 2147483647;
			files = (
				301BF552109A68D80062928A /* libCordova.a in Frameworks */,
				A1A741AFB44E44B1BE499595 /* Security.framework in Frameworks */,
				A1E8D4C1387C40E0860573C1 /* SystemConfiguration.framework in Frameworks */,
				3B141ABBB7CD4113A6BC1337 /* libz.tbd in Frameworks */,
				37757BA84BE949F09500870F /* WebKit.framework in Frameworks */,
				F2B4CC7B4578482D943A3A6B /* Social.framework in Frameworks */,
				20CA925840ED442BBB971308 /* MessageUI.framework in Frameworks */,
				277C1B849E794A09ABECA046 /* CoreLocation.framework in Frameworks */,
			);
			runOnlyForDeploymentPostprocessing = 0;
		};
/* End PBXFrameworksBuildPhase section */

/* Begin PBXGroup section */
		080E96DDFE201D6D7F000001 /* Classes */ = {
			isa = PBXGroup;
			children = (
				302D95EE14D2391D003F00A1 /* MainViewController.h */,
				302D95EF14D2391D003F00A1 /* MainViewController.m */,
				302D95F014D2391D003F00A1 /* MainViewController.xib */,
				1D3623240D0F684500981E51 /* AppDelegate.h */,
				1D3623250D0F684500981E51 /* AppDelegate.m */,
			);
			name = Classes;
			path = "highgarden/Classes";
			sourceTree = SOURCE_ROOT;
		};
		19C28FACFE9D520D11CA2CBB /* Products */ = {
			isa = PBXGroup;
			children = (
				1D6058910D05DD3D006BFB54 /* highgarden.app */,
			);
			name = Products;
			sourceTree = "<group>";
		};
		29B97314FDCFA39411CA2CEA /* CustomTemplate */ = {
			isa = PBXGroup;
			children = (
				EB87FDF41871DAF40020F90C /* config.xml */,
				EB87FDF31871DA8E0020F90C /* www */,
				EB87FDF11871DA420020F90C /* Staging */,
				301BF52D109A57CC0062928A /* CordovaLib.xcodeproj */,
				080E96DDFE201D6D7F000001 /* Classes */,
				307C750510C5A3420062BCA9 /* Plugins */,
				29B97315FDCFA39411CA2CEA /* Other Sources */,
				29B97317FDCFA39411CA2CEA /* Resources */,
				29B97323FDCFA39411CA2CEA /* Frameworks */,
				19C28FACFE9D520D11CA2CBB /* Products */,
			);
			name = CustomTemplate;
			sourceTree = "<group>";
		};
		29B97315FDCFA39411CA2CEA /* Other Sources */ = {
			isa = PBXGroup;
			children = (
				32CA4F630368D1EE00C91783 /* highgarden-Prefix.pch */,
				29B97316FDCFA39411CA2CEA /* main.m */,
				ED33DF2A687741AEAF9F8254 /* Bridging-Header.h */,
			);
			name = "Other Sources";
			path = "highgarden";
			sourceTree = "<group>";
		};
		29B97317FDCFA39411CA2CEA /* Resources */ = {
			isa = PBXGroup;
			children = (
				0207DA571B56EA530066E2B4 /* Images.xcassets */,
				3047A50E1AB8057F00498E2A /* config */,
				8D1107310486CEB800E47090 /* highgarden-Info.plist */,
				6AFF5BF81D6E424B00AB3073 /* CDVLaunchScreen.storyboard */,
			);
			name = Resources;
			path = "highgarden/Resources";
			sourceTree = "<group>";
		};
		29B97323FDCFA39411CA2CEA /* Frameworks */ = {
			isa = PBXGroup;
			children = (
				4C08763923ED4BA5A24D32C5 /* Security.framework */,
				72F1B2DD00C544B2A4A5065B /* SystemConfiguration.framework */,
				1E3F2AB098714A73861C13E2 /* libz.tbd */,
				BD9FC5BA9E1E4C9B9115D2E1 /* WebKit.framework */,
				0833473B718241B9B7728F68 /* Social.framework */,
				906CB6AE6AA74E24954237C4 /* MessageUI.framework */,
				9802AD4710A445B180915AE8 /* CoreLocation.framework */,
			);
			name = Frameworks;
			sourceTree = "<group>";
		};
		301BF52E109A57CC0062928A /* Products */ = {
			isa = PBXGroup;
			children = (
				301BF535109A57CC0062928A /* libCordova.a */,
			);
			name = Products;
			sourceTree = "<group>";
		};
		3047A50E1AB8057F00498E2A /* config */ = {
			isa = PBXGroup;
			children = (
				3047A50F1AB8059700498E2A /* build-debug.xcconfig */,
				3047A5101AB8059700498E2A /* build-release.xcconfig */,
				3047A5111AB8059700498E2A /* build.xcconfig */,
			);
			name = config;
			sourceTree = "<group>";
		};
		307C750510C5A3420062BCA9 /* Plugins */ = {
			isa = PBXGroup;
			children = (
				6DE82865C796494FB48BD692 /* CDVFile.m */,
				0B016E91520E47189F45EBA8 /* CDVLocalFilesystem.m */,
				1541F8FCD4894F20A1FB82C6 /* CDVAssetLibraryFilesystem.m */,
				748799A9EC234DEE9B146AE1 /* CDVFile.h */,
				02C1B54EA1D04FCFA15762DF /* CDVLocalFilesystem.h */,
				A0BA5ECFA43E4B02B6DFAFBD /* CDVAssetLibraryFilesystem.h */,
				527FC1888AEB440EB04F1DCE /* CordovaHttpPlugin.m */,
				7C3945D5D0C54A7C97152D8C /* TextResponseSerializer.m */,
				A7E3D54E22F54976917C7D59 /* TextRequestSerializer.m */,
				BE734EEA89C44DC19F7E6317 /* AFHTTPSessionManager.m */,
				20E77D1DE0F3468F8E04DDA2 /* AFNetworkReachabilityManager.m */,
				458113AA15AB43448334D8C1 /* AFSecurityPolicy.m */,
				3257DD24088145098A1DBC19 /* AFURLRequestSerialization.m */,
				CDA29C2AFF664B4D881DC51D /* AFURLResponseSerialization.m */,
				42DBB3C61A7D4AAEA0BC0585 /* AFURLSessionManager.m */,
				ECDBCE91AB134EBA9328F548 /* CordovaHttpPlugin.h */,
				EF33857A0B0448A7BA7E7F36 /* TextResponseSerializer.h */,
				95BC08089F4B4990887FDB8F /* TextRequestSerializer.h */,
				E1F21DC3B4584E66A20F283B /* AFHTTPSessionManager.h */,
				E3D5068B65E6419BABE9ECD4 /* AFNetworking.h */,
				29687E195C0C4A689610DE9A /* AFNetworkReachabilityManager.h */,
				A70B0413E49E445FB5AC974F /* AFSecurityPolicy.h */,
				2DCA38B98F8342FA92AC09BB /* AFURLRequestSerialization.h */,
				CE6FC89121774E008FBC81A1 /* AFURLResponseSerialization.h */,
				F12574AF50804DD7A41B51CD /* AFURLSessionManager.h */,
				46635216C4484250AACB1A3B /* CDVDevice.m */,
				8962C806DCF741ADA67B947E /* CDVDevice.h */,
				346F4034759D421AA7E176D6 /* CDVIonicKeyboard.m */,
				CFA626E0763C443CAFE3B9D4 /* CDVIonicKeyboard.h */,
				8E08ADFF3D9E4552BE02CB1C /* CDVWKWebViewEngine.m */,
				3536960E81B342E8B21C2666 /* CDVWKWebViewUIDelegate.m */,
				096CBE8B6F12411D9CFCF81D /* CDVWKProcessPoolFactory.m */,
				74BEF00C6CEC4AD094355E18 /* GCDWebServer.m */,
				C60B714629CC470A944E70CA /* GCDWebServerConnection.m */,
				EE453BCF4B23458E886ED19C /* GCDWebServerFunctions.m */,
				3B5C21FC93814826B71D4FE4 /* GCDWebServerRequest.m */,
				78725208989846509A6EE72E /* GCDWebServerResponse.m */,
				BB49C442528F46B7A8D86154 /* GCDWebServerDataRequest.m */,
				F5121804B339431391738B4E /* GCDWebServerFileRequest.m */,
				5035B593C8654630A9DE44A4 /* GCDWebServerMultiPartFormRequest.m */,
				59B60F82C2A7450F9220B094 /* GCDWebServerURLEncodedFormRequest.m */,
				78C25D580D704E12953F0E44 /* GCDWebServerDataResponse.m */,
				5078C37D38644389B543E215 /* GCDWebServerErrorResponse.m */,
				773DD380A8714C31BFACC35A /* GCDWebServerFileResponse.m */,
				DA053BC32411453CB6D0E362 /* GCDWebServerStreamedResponse.m */,
				ACC4E3C9A9EC49C8BB66B5BB /* CDVWKWebViewEngine.h */,
				2E69D5A91B0F41E0A03F87BE /* CDVWKWebViewUIDelegate.h */,
				1BDCC0E2F42840DFA6227305 /* CDVWKProcessPoolFactory.h */,
				6058416EC955470694D2C857 /* GCDWebServer.h */,
				1B839E53429F4E5083B15E49 /* GCDWebServerConnection.h */,
				963EEA88698D443184A1D950 /* GCDWebServerFunctions.h */,
				7EC4152493664BD19849D139 /* GCDWebServerHTTPStatusCodes.h */,
				17D24E0203FD4A40BB553199 /* GCDWebServerPrivate.h */,
				3E90C29D26EB459B9FA2BAD6 /* GCDWebServerRequest.h */,
				790BCE08B2F1445E8084F87F /* GCDWebServerResponse.h */,
				6D8FA713BF7A4213AE2831D1 /* GCDWebServerDataRequest.h */,
				7AE8A00C256849469B0B2E24 /* GCDWebServerFileRequest.h */,
				07BB07A5F479473FA3661A47 /* GCDWebServerMultiPartFormRequest.h */,
				358A3A86DC814F6693C4A1A8 /* GCDWebServerURLEncodedFormRequest.h */,
				3074AF05140F47FCB1C7F585 /* GCDWebServerDataResponse.h */,
				EE3E7881A1B44BF29700C2AE /* GCDWebServerErrorResponse.h */,
				B4F80776C61E4B72A14603A4 /* GCDWebServerFileResponse.h */,
				5B2EF6B882914979B82A57D3 /* GCDWebServerStreamedResponse.h */,
				D4110CCB4C834E98860F2509 /* CDVSplashScreen.m */,
				8F47B661BF494528A32A9FD1 /* CDVViewController+SplashScreen.m */,
				8A7C31CF2A644689914B893A /* CDVSplashScreen.h */,
				D9D8CFD2AD164FAAA48609A1 /* CDVViewController+SplashScreen.h */,
				E58EE96B9D0B48C4B1052A3A /* SQLitePlugin.m */,
				BE11A0B5BCF24E338D826370 /* PSPDFThreadSafeMutableDictionary.m */,
				A7A9756CB50441FA9DF5A694 /* sqlite3.c */,
				2A52DE1B689D489594B1FB1C /* SQLitePlugin.h */,
				50017109F7A84611B5B7794B /* PSPDFThreadSafeMutableDictionary.h */,
				B87803E2001C4D77A8B9CAEB /* sqlite3.h */,
				3F4BD7C4B2D3464189395805 /* CFCallNumber.m */,
				676D4F6B40634AEEB1DF2FC5 /* CFCallNumber.h */,
				AF4473E8A56140CE9C6CEE74 /* NSString+SSURLEncoding.m */,
				F0A10E03ED274BA5B99EDF18 /* SocialSharing.m */,
				2911FBECCE604596ABC46E52 /* NSString+SSURLEncoding.h */,
				35B75FFC2E5B4A2A9F877AA0 /* SocialSharing.h */,
				121C63C671D04C0E9C4878A9 /* CDVLocation.m */,
				F69DD750A03B40418CD7DF71 /* CDVLocation.h */,
			);
			name = Plugins;
			path = "highgarden/Plugins";
			sourceTree = SOURCE_ROOT;
		};
		EB87FDF11871DA420020F90C /* Staging */ = {
			isa = PBXGroup;
			children = (
				F840E1F0165FE0F500CFE078 /* config.xml */,
				301BF56E109A69640062928A /* www */,
			);
			name = Staging;
			sourceTree = "<group>";
		};
/* End PBXGroup section */

/* Begin PBXNativeTarget section */
		1D6058900D05DD3D006BFB54 /* highgarden */ = {
			isa = PBXNativeTarget;
			buildConfigurationList = 1D6058960D05DD3E006BFB54 /* Build configuration list for PBXNativeTarget "highgarden" */;
			buildPhases = (
				304B58A110DAC018002A0835 /* Copy www directory */,
				1D60588D0D05DD3D006BFB54 /* Resources */,
				1D60588E0D05DD3D006BFB54 /* Sources */,
				1D60588F0D05DD3D006BFB54 /* Frameworks */,
			);
			buildRules = (
			);
			dependencies = (
				301BF551109A68C00062928A /* PBXTargetDependency */,
			);
			name = "highgarden";
			productName = "highgarden";
			productReference = 1D6058910D05DD3D006BFB54 /* highgarden.app */;
			productType = "com.apple.product-type.application";
		};
/* End PBXNativeTarget section */

/* Begin PBXProject section */
		29B97313FDCFA39411CA2CEA /* Project object */ = {
			isa = PBXProject;
			attributes = {
				LastUpgradeCheck = 510;
			};
			buildConfigurationList = C01FCF4E08A954540054247B /* Build configuration list for PBXProject "__NON-CLI__" */;
			compatibilityVersion = "Xcode 3.2";
			developmentRegion = English;
			hasScannedForEncodings = 1;
			mainGroup = 29B97314FDCFA39411CA2CEA /* CustomTemplate */;
			projectDirPath = "";
			projectReferences = (
				{
					ProductGroup = 301BF52E109A57CC0062928A /* Products */;
					ProjectRef = 301BF52D109A57CC0062928A /* CordovaLib.xcodeproj */;
				},
			);
			projectRoot = "";
			targets = (
				1D6058900D05DD3D006BFB54 /* highgarden */,
			);
		};
/* End PBXProject section */

/* Begin PBXReferenceProxy section */
		301BF535109A57CC0062928A /* libCordova.a */ = {
			isa = PBXReferenceProxy;
			fileType = archive.ar;
			path = libCordova.a;
			remoteRef = 301BF534109A57CC0062928A /* PBXContainerItemProxy */;
			sourceTree = BUILT_PRODUCTS_DIR;
		};
/* End PBXReferenceProxy section */

/* Begin PBXResourcesBuildPhase section */
		1D60588D0D05DD3D006BFB54 /* Resources */ = {
			isa = PBXResourcesBuildPhase;
			buildActionMask = 2147483647;
			files = (
				302D95F214D2391D003F00A1 /* MainViewController.xib in Resources */,
				0207DA581B56EA530066E2B4 /* Images.xcassets in Resources */,
				6AFF5BF91D6E424B00AB3073 /* CDVLaunchScreen.storyboard in Resources */,
			);
			runOnlyForDeploymentPostprocessing = 0;
		};
/* End PBXResourcesBuildPhase section */

/* Begin PBXShellScriptBuildPhase section */
		304B58A110DAC018002A0835 /* Copy www directory */ = {
			isa = PBXShellScriptBuildPhase;
			buildActionMask = 2147483647;
			files = (
			);
			inputPaths = (
			);
			name = "Copy www directory";
			outputPaths = (
			);
			runOnlyForDeploymentPostprocessing = 0;
			shellPath = /bin/sh;
			shellScript = "NODEJS_PATH=/usr/local/bin; NVM_NODE_PATH=~/.nvm/versions/node/`nvm version 2>/dev/null`/bin; N_NODE_PATH=`find /usr/local/n/versions/node/* -maxdepth 0 -type d 2>/dev/null | tail -1`/bin; XCODE_NODE_PATH=`xcode-select --print-path`/usr/share/xcs/Node/bin; PATH=$NODEJS_PATH:$NVM_NODE_PATH:$N_NODE_PATH:$XCODE_NODE_PATH:$PATH && node cordova/lib/copy-www-build-step.js";
			showEnvVarsInLog = 0;
		};
/* End PBXShellScriptBuildPhase section */

/* Begin PBXSourcesBuildPhase section */
		1D60588E0D05DD3D006BFB54 /* Sources */ = {
			isa = PBXSourcesBuildPhase;
			buildActionMask = 2147483647;
			files = (
				1D60589B0D05DD56006BFB54 /* main.m in Sources */,
				1D3623260D0F684500981E51 /* AppDelegate.m in Sources */,
				302D95F114D2391D003F00A1 /* MainViewController.m in Sources */,
				9A4BCBD877E64010BFC05990 /* CDVFile.m in Sources */,
				75CD0AD244724EF4983A6817 /* CDVLocalFilesystem.m in Sources */,
				B4FCCC12FA4349C2B2F23A23 /* CDVAssetLibraryFilesystem.m in Sources */,
				C32058795FFC460A929500D4 /* CordovaHttpPlugin.m in Sources */,
				63ABC9E4A81A45768028284F /* TextResponseSerializer.m in Sources */,
				F5FEBC50E30043929F698B34 /* TextRequestSerializer.m in Sources */,
				EF97136AC5354A2DB0E44FBD /* AFHTTPSessionManager.m in Sources */,
				A25722765BBD4488B4F5693E /* AFNetworkReachabilityManager.m in Sources */,
				AB5B662E0C674A1FBDB3422F /* AFSecurityPolicy.m in Sources */,
				558AAE1E77AB4185BEC67DF1 /* AFURLRequestSerialization.m in Sources */,
				4C705F79BCF643D58CE561C7 /* AFURLResponseSerialization.m in Sources */,
				429D801AF5FD45A880C9559A /* AFURLSessionManager.m in Sources */,
				32949C56F4304EB69FBB5EA4 /* CDVDevice.m in Sources */,
				37773FD976DE4C828FC7868F /* CDVIonicKeyboard.m in Sources */,
				7FB7E920C83346F7B82A004A /* CDVWKWebViewEngine.m in Sources */,
				9BC8623C8A6142DBBBAED7C5 /* CDVWKWebViewUIDelegate.m in Sources */,
				21664A9533FB424BAC3FE06E /* CDVWKProcessPoolFactory.m in Sources */,
				3FC63ED691864131ADD842BC /* GCDWebServer.m in Sources */,
				F65EDC0870814FC1AD17C430 /* GCDWebServerConnection.m in Sources */,
				57F13B71731F4F0C9862E4C6 /* GCDWebServerFunctions.m in Sources */,
				4BB22F41058C46C196B90A59 /* GCDWebServerRequest.m in Sources */,
				2DA87BC4C14A40D0B1800EB3 /* GCDWebServerResponse.m in Sources */,
				3729D077E81645DF91F9AFDC /* GCDWebServerDataRequest.m in Sources */,
				8DAF01FC7C5948789B50F5C3 /* GCDWebServerFileRequest.m in Sources */,
				A9870B6228604AE482AD63E1 /* GCDWebServerMultiPartFormRequest.m in Sources */,
				81AA7AD0BFC04F848DFAD7FF /* GCDWebServerURLEncodedFormRequest.m in Sources */,
				6E757F6CF5954C91A04C1489 /* GCDWebServerDataResponse.m in Sources */,
				47A1F5F5F3F34A6B96BFCF52 /* GCDWebServerErrorResponse.m in Sources */,
				CE54B0F3FD5743328F323045 /* GCDWebServerFileResponse.m in Sources */,
				EC5233AFA901447FBCBF1517 /* GCDWebServerStreamedResponse.m in Sources */,
				DD9805FF5CD342649CF6694E /* CDVSplashScreen.m in Sources */,
				3D05BA36D1F44D74AC5AC9E4 /* CDVViewController+SplashScreen.m in Sources */,
				31674E82B4B749A78821455B /* SQLitePlugin.m in Sources */,
				2DE36BABBAB34778BD3AED3C /* PSPDFThreadSafeMutableDictionary.m in Sources */,
				7F88B90CB04E4AF199C19E73 /* sqlite3.c in Resources */,
				F4805C345E124BCBB236C8B3 /* CFCallNumber.m in Sources */,
				A9A53D636229459AA5AF2C60 /* NSString+SSURLEncoding.m in Sources */,
				C11C04FAAC8C437DA3A652C3 /* SocialSharing.m in Sources */,
				0A5C3A7914244900B12258A7 /* CDVLocation.m in Sources */,
			);
			runOnlyForDeploymentPostprocessing = 0;
		};
/* End PBXSourcesBuildPhase section */

/* Begin PBXTargetDependency section */
		301BF551109A68C00062928A /* PBXTargetDependency */ = {
			isa = PBXTargetDependency;
			name = CordovaLib;
			targetProxy = 301BF550109A68C00062928A /* PBXContainerItemProxy */;
		};
/* End PBXTargetDependency section */

/* Begin XCBuildConfiguration section */
		1D6058940D05DD3E006BFB54 /* Debug */ = {
			isa = XCBuildConfiguration;
			baseConfigurationReference = 3047A50F1AB8059700498E2A /* build-debug.xcconfig */;
			buildSettings = {
				ALWAYS_SEARCH_USER_PATHS = NO;
				ASSETCATALOG_COMPILER_APPICON_NAME = AppIcon;
				ASSETCATALOG_COMPILER_LAUNCHIMAGE_NAME = LaunchImage;
				CLANG_ENABLE_MODULES = YES;
				CLANG_ENABLE_OBJC_ARC = YES;
				COPY_PHASE_STRIP = NO;
				GCC_DYNAMIC_NO_PIC = NO;
				GCC_OPTIMIZATION_LEVEL = 0;
				GCC_PRECOMPILE_PREFIX_HEADER = YES;
				GCC_PREFIX_HEADER = "highgarden/highgarden-Prefix.pch";
				GCC_THUMB_SUPPORT = NO;
				GCC_VERSION = "";
				INFOPLIST_FILE = "highgarden/highgarden-Info.plist";
				IPHONEOS_DEPLOYMENT_TARGET = 9.0;
				LD_RUNPATH_SEARCH_PATHS = "@executable_path/Frameworks";
				TARGETED_DEVICE_FAMILY = "1,2";
				PRODUCT_NAME = "highgarden";
			};
			name = Debug;
		};
		1D6058950D05DD3E006BFB54 /* Release */ = {
			isa = XCBuildConfiguration;
			baseConfigurationReference = 3047A5101AB8059700498E2A /* build-release.xcconfig */;
			buildSettings = {
				ALWAYS_SEARCH_USER_PATHS = NO;
				ASSETCATALOG_COMPILER_APPICON_NAME = AppIcon;
				ASSETCATALOG_COMPILER_LAUNCHIMAGE_NAME = LaunchImage;
				CLANG_ENABLE_MODULES = YES;
				CLANG_ENABLE_OBJC_ARC = YES;
				COPY_PHASE_STRIP = YES;
				GCC_PRECOMPILE_PREFIX_HEADER = YES;
				GCC_PREFIX_HEADER = "highgarden/highgarden-Prefix.pch";
				GCC_THUMB_SUPPORT = NO;
				GCC_VERSION = "";
				INFOPLIST_FILE = "highgarden/highgarden-Info.plist";
				IPHONEOS_DEPLOYMENT_TARGET = 9.0;
				LD_RUNPATH_SEARCH_PATHS = "@executable_path/Frameworks";
				TARGETED_DEVICE_FAMILY = "1,2";
				PRODUCT_NAME = "highgarden";
			};
			name = Release;
		};
		C01FCF4F08A954540054247B /* Debug */ = {
			isa = XCBuildConfiguration;
			baseConfigurationReference = 3047A5111AB8059700498E2A /* build.xcconfig */;
			buildSettings = {
				CLANG_ENABLE_MODULES = YES;
				CLANG_ENABLE_OBJC_ARC = YES;
				CLANG_WARN_BOOL_CONVERSION = YES;
				CLANG_WARN_CONSTANT_CONVERSION = YES;
				CLANG_WARN_EMPTY_BODY = YES;
				CLANG_WARN_ENUM_CONVERSION = YES;
				CLANG_WARN_INT_CONVERSION = YES;
				CLANG_WARN__DUPLICATE_METHOD_MATCH = YES;
				GCC_C_LANGUAGE_STANDARD = c99;
				GCC_THUMB_SUPPORT = NO;
				GCC_VERSION = "";
				GCC_WARN_ABOUT_RETURN_TYPE = YES;
				GCC_WARN_UNDECLARED_SELECTOR = YES;
				GCC_WARN_UNINITIALIZED_AUTOS = YES;
				GCC_WARN_UNUSED_FUNCTION = YES;
				GCC_WARN_UNUSED_VARIABLE = YES;
				ONLY_ACTIVE_ARCH = YES;
				SDKROOT = iphoneos;
				SKIP_INSTALL = NO;
			};
			name = Debug;
		};
		C01FCF5008A954540054247B /* Release */ = {
			isa = XCBuildConfiguration;
			baseConfigurationReference = 3047A5111AB8059700498E2A /* build.xcconfig */;
			buildSettings = {
				CLANG_ENABLE_MODULES = YES;
				CLANG_ENABLE_OBJC_ARC = YES;
				CLANG_WARN_BOOL_CONVERSION = YES;
				CLANG_WARN_CONSTANT_CONVERSION = YES;
				CLANG_WARN_EMPTY_BODY = YES;
				CLANG_WARN_ENUM_CONVERSION = YES;
				CLANG_WARN_INT_CONVERSION = YES;
				CLANG_WARN__DUPLICATE_METHOD_MATCH = YES;
				GCC_C_LANGUAGE_STANDARD = c99;
				GCC_THUMB_SUPPORT = NO;
				GCC_VERSION = "";
				GCC_WARN_ABOUT_RETURN_TYPE = YES;
				GCC_WARN_UNDECLARED_SELECTOR = YES;
				GCC_WARN_UNINITIALIZED_AUTOS = YES;
				GCC_WARN_UNUSED_FUNCTION = YES;
				GCC_WARN_UNUSED_VARIABLE = YES;
				SDKROOT = iphoneos;
				SKIP_INSTALL = NO;
			};
			name = Release;
		};
/* End XCBuildConfiguration section */

/* Begin XCConfigurationList section */
		1D6058960D05DD3E006BFB54 /* Build configuration list for PBXNativeTarget "highgarden" */ = {
			isa = XCConfigurationList;
			buildConfigurations = (
				1D6058940D05DD3E006BFB54 /* Debug */,
				1D6058950D05DD3E006BFB54 /* Release */,
			);
			defaultConfigurationIsVisible = 0;
			defaultConfigurationName = Release;
		};
		C01FCF4E08A954540054247B /* Build configuration list for PBXProject "__NON-CLI__" */ = {
			isa = XCConfigurationList;
			buildConfigurations = (
				C01FCF4F08A954540054247B /* Debug */,
				C01FCF5008A954540054247B /* Release */,
			);
			defaultConfigurationIsVisible = 0;
			defaultConfigurationName = Release;
		};
/* End XCConfigurationList section */
	};
	rootObject = 29B97313FDCFA39411CA2CEA /* Project object */;
}
